
Microsoft Visual Studio Solution File, Format Version 12.00
# Visual Studio 15
VisualStudioVersion = 15.0.27428.2015
MinimumVisualStudioVersion = 10.0.40219.1
Project("{FAE04EC0-301F-11D3-BF4B-00C04F79EFBC}") = "MySql8_NetConnector8", "MySql8_NetConnector8\MySql8_NetConnector8.csproj", "{55625C8F-6C52-4920-94A7-5A70D53F42C7}"
EndProject
Global
	GlobalSection(SolutionConfigurationPlatforms) = preSolution
		Debug|Any CPU = Debug|Any CPU
		Release|Any CPU = Release|Any CPU
	EndGlobalSection
	GlobalSection(ProjectConfigurationPlatforms) = postSolution
		{55625C8F-6C52-4920-94A7-5A70D53F42C7}.Debug|Any CPU.ActiveCfg = Debug|Any CPU
		{55625C8F-6C52-4920-94A7-5A70D53F42C7}.Debug|Any CPU.Build.0 = Debug|Any CPU
		{55625C8F-6C52-4920-94A7-5A70D53F42C7}.Release|Any CPU.ActiveCfg = Release|Any CPU
		{55625C8F-6C52-4920-94A7-5A70D53F42C7}.Release|Any CPU.Build.0 = Release|Any CPU
	EndGlobalSection
	GlobalSection(SolutionProperties) = preSolution
		HideSolutionNode = FALSE
	EndGlobalSection
	GlobalSection(ExtensibilityGlobals) = postSolution
		SolutionGuid = {A3366AD3-920B-40E8-B039-A39C6167009A}
	EndGlobalSection
EndGlobal
